// !$*UTF8*$!
{
	archiveVersion = 1;
	classes = {
	};
	objectVersion = 46;
	objects = {

/* Begin PBXBuildFile section */
		0438A54E1EEFC917004889C9 /* main.m in Sources */ = {isa = PBXBuildFile; fileRef = 0438A54D1EEFC917004889C9 /* main.m */; };
		0438A5511EEFC917004889C9 /* AppDelegate.m in Sources */ = {isa = PBXBuildFile; fileRef = 0438A5501EEFC917004889C9 /* AppDelegate.m */; };
		0438A5541EEFC917004889C9 /* ViewController.m in Sources */ = {isa = PBXBuildFile; fileRef = 0438A5531EEFC917004889C9 /* ViewController.m */; };
		0438A5571EEFC917004889C9 /* Main.storyboard in Resources */ = {isa = PBXBuildFile; fileRef = 0438A5551EEFC917004889C9 /* Main.storyboard */; };
		0438A5591EEFC917004889C9 /* Assets.xcassets in Resources */ = {isa = PBXBuildFile; fileRef = 0438A5581EEFC917004889C9 /* Assets.xcassets */; };
		0438A55C1EEFC917004889C9 /* LaunchScreen.storyboard in Resources */ = {isa = PBXBuildFile; fileRef = 0438A55A1EEFC917004889C9 /* LaunchScreen.storyboard */; };
/* End PBXBuildFile section */

/* Begin PBXFileReference section */
		0438A5491EEFC917004889C9 /* JiaJu.app */ = {isa = PBXFileReference; explicitFileType = wrapper.application; includeInIndex = 0; path = JiaJu.app; sourceTree = BUILT_PRODUCTS_DIR; };
		0438A54D1EEFC917004889C9 /* main.m */ = {isa = PBXFileReference; lastKnownFileType = sourcecode.c.objc; path = main.m; sourceTree = "<group>"; };
		0438A54F1EEFC917004889C9 /* AppDelegate.h */ = {isa = PBXFileReference; lastKnownFileType = sourcecode.c.h; path = AppDelegate.h; sourceTree = "<group>"; };
		0438A5501EEFC917004889C9 /* AppDelegate.m */ = {isa = PBXFileReference; lastKnownFileType = sourcecode.c.objc; path = AppDelegate.m; sourceTree = "<group>"; };
		0438A5521EEFC917004889C9 /* ViewController.h */ = {isa = PBXFileReference; lastKnownFileType = sourcecode.c.h; path = ViewController.h; sourceTree = "<group>"; };
		0438A5531EEFC917004889C9 /* ViewController.m */ = {isa = PBXFileReference; lastKnownFileType = sourcecode.c.objc; path = ViewController.m; sourceTree = "<group>"; };
		0438A5561EEFC917004889C9 /* Base */ = {isa = PBXFileReference; lastKnownFileType = file.storyboard; name = Base; path = Base.lproj/Main.storyboard; sourceTree = "<group>"; };
		0438A5581EEFC917004889C9 /* Assets.xcassets */ = {isa = PBXFileReference; lastKnownFileType = folder.assetcatalog; path = Assets.xcassets; sourceTree = "<group>"; };
		0438A55B1EEFC917004889C9 /* Base */ = {isa = PBXFileReference; lastKnownFileType = file.storyboard; name = Base; path = Base.lproj/LaunchScreen.storyboard; sourceTree = "<group>"; };
		0438A55D1EEFC917004889C9 /* Info.plist */ = {isa = PBXFileReference; lastKnownFileType = text.plist.xml; path = Info.plist; sourceTree = "<group>"; };
/* End PBXFileReference section */

/* Begin PBXFrameworksBuildPhase section */
		0438A5461EEFC916004889C9 /* Frameworks */ = {
			isa = PBXFrameworksBuildPhase;
			buildActionMask = 2147483647;
			files = (
			);
			runOnlyForDeploymentPostprocessing = 0;
		};
/* End PBXFrameworksBuildPhase section */

/* Begin PBXGroup section */
		0438A5401EEFC916004889C9 = {
			isa = PBXGroup;
			children = (
				0438A54B1EEFC917004889C9 /* JiaJu */,
				0438A54A1EEFC917004889C9 /* Products */,
			);
			sourceTree = "<group>";
		};
		0438A54A1EEFC917004889C9 /* Products */ = {
			isa = PBXGroup;
			children = (
				0438A5491EEFC917004889C9 /* JiaJu.app */,
			);
			name = Products;
			sourceTree = "<group>";
		};
		0438A54B1EEFC917004889C9 /* JiaJu */ = {
			isa = PBXGroup;
			children = (
				0438A54F1EEFC917004889C9 /* AppDelegate.h */,
				0438A5501EEFC917004889C9 /* AppDelegate.m */,
				0438A5521EEFC917004889C9 /* ViewController.h */,
				0438A5531EEFC917004889C9 /* ViewController.m */,
				0438A5551EEFC917004889C9 /* Main.storyboard */,
				0438A5581EEFC917004889C9 /* Assets.xcassets */,
				0438A55A1EEFC917004889C9 /* LaunchScreen.storyboard */,
				0438A55D1EEFC917004889C9 /* Info.plist */,
				0438A54C1EEFC917004889C9 /* Supporting Files */,
			);
			path = JiaJu;
			sourceTree = "<group>";
		};
		0438A54C1EEFC917004889C9 /* Supporting Files */ = {
			isa = PBXGroup;
			children = (
				0438A54D1EEFC917004889C9 /* main.m */,
			);
			name = "Supporting Files";
			sourceTree = "<group>";
		};
/* End PBXGroup section */

/* Begin PBXNativeTarget section */
		0438A5481EEFC916004889C9 /* JiaJu */ = {
			isa = PBXNativeTarget;
			buildConfigurationList = 0438A5601EEFC917004889C9 /* Build configuration list for PBXNativeTarget "JiaJu" */;
			buildPhases = (
				0438A5451EEFC916004889C9 /* Sources */,
				0438A5461EEFC916004889C9 /* Frameworks */,
				0438A5471EEFC916004889C9 /* Resources */,
			);
			buildRules = (
			);
			dependencies = (
			);
			name = JiaJu;
			productName = JiaJu;
			productReference = 0438A5491EEFC917004889C9 /* JiaJu.app */;
			productType = "com.apple.product-type.application";
		};
/* End PBXNativeTarget section */

/* Begin PBXProject section */
		0438A5411EEFC916004889C9 /* Project object */ = {
			isa = PBXProject;
			attributes = {
				LastUpgradeCheck = 0820;
				ORGANIZATIONNAME = MaSong;
				TargetAttributes = {
					0438A5481EEFC916004889C9 = {
						CreatedOnToolsVersion = 8.2;
						DevelopmentTeam = LU24H85Y9T;
						ProvisioningStyle = Automatic;
					};
				};
			};
			buildConfigurationList = 0438A5441EEFC916004889C9 /* Build configuration list for PBXProject "JiaJu" */;
			compatibilityVersion = "Xcode 3.2";
			developmentRegion = English;
			hasScannedForEncodings = 0;
			knownRegions = (
				en,
				Base,
			);
			mainGroup = 0438A5401EEFC916004889C9;
			productRefGroup = 0438A54A1EEFC917004889C9 /* Products */;
			projectDirPath = "";
			projectRoot = "";
			targets = (
				0438A5481EEFC916004889C9 /* JiaJu */,
			);
		};
/* End PBXProject section */

/* Begin PBXResourcesBuildPhase section */
		0438A5471EEFC916004889C9 /* Resources */ = {
			isa = PBXResourcesBuildPhase;
			buildActionMask = 2147483647;
			files = (
				0438A55C1EEFC917004889C9 /* LaunchScreen.storyboard in Resources */,
				0438A5591EEFC917004889C9 /* Assets.xcassets in Resources */,
				0438A5571EEFC917004889C9 /* Main.storyboard in Resources */,
			);
			runOnlyForDeploymentPostprocessing = 0;
		};
/* End PBXResourcesBuildPhase section */

/* Begin PBXSourcesBuildPhase section */
		0438A5451EEFC916004889C9 /* Sources */ = {
			isa = PBXSourcesBuildPhase;
			buildActionMask = 2147483647;
			files = (
				0438A5541EEFC917004889C9 /* ViewController.m in Sources */,
				0438A5511EEFC917004889C9 /* AppDelegate.m in Sources */,
				0438A54E1EEFC917004889C9 /* main.m in Sources */,
			);
			runOnlyForDeploymentPostprocessing = 0;
		};
/* End PBXSourcesBuildPhase section */

/* Begin PBXVariantGroup section */
		0438A5551EEFC917004889C9 /* Main.storyboard */ = {
			isa = PBXVariantGroup;
			children = (
				0438A5561EEFC917004889C9 /* Base */,
			);
			name = Main.storyboard;
			sourceTree = "<group>";
		};
		0438A55A1EEFC917004889C9 /* LaunchScreen.storyboard */ = {
			isa = PBXVariantGroup;
			children = (
				0438A55B1EEFC917004889C9 /* Base */,
			);
			name = LaunchScreen.storyboard;
			sourceTree = "<group>";
		};
/* End PBXVariantGroup section */

/* Begin XCBuildConfiguration section */
		0438A55E1EEFC917004889C9 /* Debug */ = {
			isa = XCBuildConfiguration;
			buildSettings = {
				ALWAYS_SEARCH_USER_PATHS = NO;
				CLANG_ANALYZER_NONNULL = YES;
				CLANG_CXX_LANGUAGE_STANDARD = "gnu++0x";
				CLANG_CXX_LIBRARY = "libc++";
				CLANG_ENABLE_MODULES = YES;
				CLANG_ENABLE_OBJC_ARC = YES;
				CLANG_WARN_BOOL_CONVERSION = YES;
				CLANG_WARN_CONSTANT_CONVERSION = YES;
				CLANG_WARN_DIRECT_OBJC_ISA_USAGE = YES_ERROR;
				CLANG_WARN_DOCUMENTATION_COMMENTS = YES;
				CLANG_WARN_EMPTY_BODY = YES;
				CLANG_WARN_ENUM_CONVERSION = YES;
				CLANG_WARN_INFINITE_RECURSION = YES;
				CLANG_WARN_INT_CONVERSION = YES;
				CLANG_WARN_OBJC_ROOT_CLASS = YES_ERROR;
				CLANG_WARN_SUSPICIOUS_MOVE = YES;
				CLANG_WARN_UNREACHABLE_CODE = YES;
				CLANG_WARN__DUPLICATE_METHOD_MATCH = YES;
				"CODE_SIGN_IDENTITY[sdk=iphoneos*]" = "iPhone Developer";
				COPY_PHASE_STRIP = NO;
				DEBUG_INFORMATION_FORMAT = dwarf;
				ENABLE_STRICT_OBJC_MSGSEND = YES;
				ENABLE_TESTABILITY = YES;
				GCC_C_LANGUAGE_STANDARD = gnu99;
				GCC_DYNAMIC_NO_PIC = NO;
				GCC_NO_COMMON_BLOCKS = YES;
				GCC_OPTIMIZATION_LEVEL = 0;
				GCC_PREPROCESSOR_DEFINITIONS = (
					"DEBUG=1",
					"$(inherited)",
				);
				GCC_WARN_64_TO_32_BIT_CONVERSION = YES;
				GCC_WARN_ABOUT_RETURN_TYPE = YES_ERROR;
				GCC_WARN_UNDECLARED_SELECTOR = YES;
				GCC_WARN_UNINITIALIZED_AUTOS = YES_AGGRESSIVE;
				GCC_WARN_UNUSED_FUNCTION = YES;
				GCC_WARN_UNUSED_VARIABLE = YES;
				IPHONEOS_DEPLOYMENT_TARGET = 10.2;
				MTL_ENABLE_DEBUG_INFO = YES;
				ONLY_ACTIVE_ARCH = YES;
				SDKROOT = iphoneos;
				TARGETED_DEVICE_FAMILY = "1,2";
			};
			name = Debug;
		};
		0438A55F1EEFC917004889C9 /* Release */ = {
			isa = XCBuildConfiguration;
			buildSettings = {
				ALWAYS_SEARCH_USER_PATHS = NO;
				CLANG_ANALYZER_NONNULL = YES;
				CLANG_CXX_LANGUAGE_STANDARD = "gnu++0x";
				CLANG_CXX_LIBRARY = "libc++";
				CLANG_ENABLE_MODULES = YES;
				CLANG_ENABLE_OBJC_ARC = YES;
				CLANG_WARN_BOOL_CONVERSION = YES;
				CLANG_WARN_CONSTANT_CONVERSION = YES;
				CLANG_WARN_DIRECT_OBJC_ISA_USAGE = YES_ERROR;
				CLANG_WARN_DOCUMENTATION_COMMENTS = YES;
				CLANG_WARN_EMPTY_BODY = YES;
				CLANG_WARN_ENUM_CONVERSION = YES;
				CLANG_WARN_INFINITE_RECURSION = YES;
				CLANG_WARN_INT_CONVERSION = YES;
				CLANG_WARN_OBJC_ROOT_CLASS = YES_ERROR;
				CLANG_WARN_SUSPICIOUS_MOVE = YES;
				CLANG_WARN_UNREACHABLE_CODE = YES;
				CLANG_WARN__DUPLICATE_METHOD_MATCH = YES;
				"CODE_SIGN_IDENTITY[sdk=iphoneos*]" = "iPhone Developer";
				COPY_PHASE_STRIP = NO;
				DEBUG_INFORMATION_FORMAT = "dwarf-with-dsym";
				ENABLE_NS_ASSERTIONS = NO;
				ENABLE_STRICT_OBJC_MSGSEND = YES;
				GCC_C_LANGUAGE_STANDARD = gnu99;
				GCC_NO_COMMON_BLOCKS = YES;
				GCC_WARN_64_TO_32_BIT_CONVERSION = YES;
				GCC_WARN_ABOUT_RETURN_TYPE = YES_ERROR;
				GCC_WARN_UNDECLARED_SELECTOR = YES;
				GCC_WARN_UNINITIALIZED_AUTOS = YES_AGGRESSIVE;
				GCC_WARN_UNUSED_FUNCTION = YES;
				GCC_WARN_UNUSED_VARIABLE = YES;
				IPHONEOS_DEPLOYMENT_TARGET = 10.2;
				MTL_ENABLE_DEBUG_INFO = NO;
				SDKROOT = iphoneos;
				TARGETED_DEVICE_FAMILY = "1,2";
				VALIDATE_PRODUCT = YES;
			};
			name = Release;
		};
		0438A5611EEFC917004889C9 /* Debug */ = {
			isa = XCBuildConfiguration;
			buildSettings = {
				ASSETCATALOG_COMPILER_APPICON_NAME = AppIcon;
				DEVELOPMENT_TEAM = LU24H85Y9T;
				INFOPLIST_FILE = JiaJu/Info.plist;
				LD_RUNPATH_SEARCH_PATHS = "$(inherited) @executable_path/Frameworks";
				PRODUCT_BUNDLE_IDENTIFIER = MaSong.JiaJu;
				PRODUCT_NAME = "$(TARGET_NAME)";
			};
			name = Debug;
		};
		0438A5621EEFC917004889C9 /* Release */ = {
			isa = XCBuildConfiguration;
			buildSettings = {
				ASSETCATALOG_COMPILER_APPICON_NAME = AppIcon;
				DEVELOPMENT_TEAM = LU24H85Y9T;
				INFOPLIST_FILE = JiaJu/Info.plist;
				LD_RUNPATH_SEARCH_PATHS = "$(inherited) @executable_path/Frameworks";
				PRODUCT_BUNDLE_IDENTIFIER = MaSong.JiaJu;
				PRODUCT_NAME = "$(TARGET_NAME)";
			};
			name = Release;
		};
/* End XCBuildConfiguration section */

/* Begin XCConfigurationList section */
		0438A5441EEFC916004889C9 /* Build configuration list for PBXProject "JiaJu" */ = {
			isa = XCConfigurationList;
			buildConfigurations = (
				0438A55E1EEFC917004889C9 /* Debug */,
				0438A55F1EEFC917004889C9 /* Release */,
			);
			defaultConfigurationIsVisible = 0;
			defaultConfigurationName = Release;
		};
		0438A5601EEFC917004889C9 /* Build configuration list for PBXNativeTarget "JiaJu" */ = {
			isa = XCConfigurationList;
			buildConfigurations = (
				0438A5611EEFC917004889C9 /* Debug */,
				0438A5621EEFC917004889C9 /* Release */,
			);
			defaultConfigurationIsVisible = 0;
		};
/* End XCConfigurationList section */
	};
	rootObject = 0438A5411EEFC916004889C9 /* Project object */;
}
